// !$*UTF8*$!
{
	archiveVersion = 1;
	classes = {
	};
	objectVersion = 77;
	objects = {

/* Begin PBXContainerItemProxy section */
		C87DE0302D534F50001A2C39 /* PBXContainerItemProxy */ = {
			isa = PBXContainerItemProxy;
			containerPortal = C87DE0152D534F4F001A2C39 /* Project object */;
			proxyType = 1;
			remoteGlobalIDString = C87DE01C2D534F4F001A2C39;
			remoteInfo = FoodDiary2;
		};
		C87DE03A2D534F50001A2C39 /* PBXContainerItemProxy */ = {
			isa = PBXContainerItemProxy;
			containerPortal = C87DE0152D534F4F001A2C39 /* Project object */;
			proxyType = 1;
			remoteGlobalIDString = C87DE01C2D534F4F001A2C39;
			remoteInfo = FoodDiary2;
		};
/* End PBXContainerItemProxy section */

/* Begin PBXFileReference section */
		C87DE01D2D534F4F001A2C39 /* FoodDiary2.app */ = {isa = PBXFileReference; explicitFileType = wrapper.application; includeInIndex = 0; path = FoodDiary2.app; sourceTree = BUILT_PRODUCTS_DIR; };
		C87DE02F2D534F50001A2C39 /* FoodDiary2Tests.xctest */ = {isa = PBXFileReference; explicitFileType = wrapper.cfbundle; includeInIndex = 0; path = FoodDiary2Tests.xctest; sourceTree = BUILT_PRODUCTS_DIR; };
		C87DE0392D534F50001A2C39 /* FoodDiary2UITests.xctest */ = {isa = PBXFileReference; explicitFileType = wrapper.cfbundle; includeInIndex = 0; path = FoodDiary2UITests.xctest; sourceTree = BUILT_PRODUCTS_DIR; };
/* End PBXFileReference section */

/* Begin PBXFileSystemSynchronizedRootGroup section */
		C87DE01F2D534F4F001A2C39 /* FoodDiary2 */ = {
			isa = PBXFileSystemSynchronizedRootGroup;
			path = FoodDiary2;
			sourceTree = "<group>";
		};
		C87DE0322D534F50001A2C39 /* FoodDiary2Tests */ = {
			isa = PBXFileSystemSynchronizedRootGroup;
			path = FoodDiary2Tests;
			sourceTree = "<group>";
		};
		C87DE03C2D534F50001A2C39 /* FoodDiary2UITests */ = {
			isa = PBXFileSystemSynchronizedRootGroup;
			path = FoodDiary2UITests;
			sourceTree = "<group>";
		};
/* End PBXFileSystemSynchronizedRootGroup section */

/* Begin PBXFrameworksBuildPhase section */
		C87DE01A2D534F4F001A2C39 /* Frameworks */ = {
			isa = PBXFrameworksBuildPhase;
			buildActionMask = 2147483647;
			files = (
			);
			runOnlyForDeploymentPostprocessing = 0;
		};
		C87DE02C2D534F50001A2C39 /* Frameworks */ = {
			isa = PBXFrameworksBuildPhase;
			buildActionMask = 2147483647;
			files = (
			);
			runOnlyForDeploymentPostprocessing = 0;
		};
		C87DE0362D534F50001A2C39 /* Frameworks */ = {
			isa = PBXFrameworksBuildPhase;
			buildActionMask = 2147483647;
			files = (
			);
			runOnlyForDeploymentPostprocessing = 0;
		};
/* End PBXFrameworksBuildPhase section */

/* Begin PBXGroup section */
		C87DE0142D534F4F001A2C39 = {
			isa = PBXGroup;
			children = (
				C87DE01F2D534F4F001A2C39 /* FoodDiary2 */,
				C87DE0322D534F50001A2C39 /* FoodDiary2Tests */,
				C87DE03C2D534F50001A2C39 /* FoodDiary2UITests */,
				C87DE01E2D534F4F001A2C39 /* Products */,
			);
			sourceTree = "<group>";
		};
		C87DE01E2D534F4F001A2C39 /* Products */ = {
			isa = PBXGroup;
			children = (
				C87DE01D2D534F4F001A2C39 /* FoodDiary2.app */,
				C87DE02F2D534F50001A2C39 /* FoodDiary2Tests.xctest */,
				C87DE0392D534F50001A2C39 /* FoodDiary2UITests.xctest */,
			);
			name = Products;
			sourceTree = "<group>";
		};
/* End PBXGroup section */

/* Begin PBXNativeTarget section */
		C87DE01C2D534F4F001A2C39 /* FoodDiary2 */ = {
			isa = PBXNativeTarget;
			buildConfigurationList = C87DE0432D534F50001A2C39 /* Build configuration list for PBXNativeTarget "FoodDiary2" */;
			buildPhases = (
				C87DE0192D534F4F001A2C39 /* Sources */,
				C87DE01A2D534F4F001A2C39 /* Frameworks */,
				C87DE01B2D534F4F001A2C39 /* Resources */,
			);
			buildRules = (
			);
			dependencies = (
			);
			fileSystemSynchronizedGroups = (
				C87DE01F2D534F4F001A2C39 /* FoodDiary2 */,
			);
			name = FoodDiary2;
			packageProductDependencies = (
			);
			productName = FoodDiary2;
			productReference = C87DE01D2D534F4F001A2C39 /* FoodDiary2.app */;
			productType = "com.apple.product-type.application";
		};
		C87DE02E2D534F50001A2C39 /* FoodDiary2Tests */ = {
			isa = PBXNativeTarget;
			buildConfigurationList = C87DE0462D534F50001A2C39 /* Build configuration list for PBXNativeTarget "FoodDiary2Tests" */;
			buildPhases = (
				C87DE02B2D534F50001A2C39 /* Sources */,
				C87DE02C2D534F50001A2C39 /* Frameworks */,
				C87DE02D2D534F50001A2C39 /* Resources */,
			);
			buildRules = (
			);
			dependencies = (
				C87DE0312D534F50001A2C39 /* PBXTargetDependency */,
			);
			fileSystemSynchronizedGroups = (
				C87DE0322D534F50001A2C39 /* FoodDiary2Tests */,
			);
			name = FoodDiary2Tests;
			packageProductDependencies = (
			);
			productName = FoodDiary2Tests;
			productReference = C87DE02F2D534F50001A2C39 /* FoodDiary2Tests.xctest */;
			productType = "com.apple.product-type.bundle.unit-test";
		};
		C87DE0382D534F50001A2C39 /* FoodDiary2UITests */ = {
			isa = PBXNativeTarget;
			buildConfigurationList = C87DE0492D534F50001A2C39 /* Build configuration list for PBXNativeTarget "FoodDiary2UITests" */;
			buildPhases = (
				C87DE0352D534F50001A2C39 /* Sources */,
				C87DE0362D534F50001A2C39 /* Frameworks */,
				C87DE0372D534F50001A2C39 /* Resources */,
			);
			buildRules = (
			);
			dependencies = (
				C87DE03B2D534F50001A2C39 /* PBXTargetDependency */,
			);
			fileSystemSynchronizedGroups = (
				C87DE03C2D534F50001A2C39 /* FoodDiary2UITests */,
			);
			name = FoodDiary2UITests;
			packageProductDependencies = (
			);
			productName = FoodDiary2UITests;
			productReference = C87DE0392D534F50001A2C39 /* FoodDiary2UITests.xctest */;
			productType = "com.apple.product-type.bundle.ui-testing";
		};
/* End PBXNativeTarget section */

/* Begin PBXProject section */
		C87DE0152D534F4F001A2C39 /* Project object */ = {
			isa = PBXProject;
			attributes = {
				BuildIndependentTargetsInParallel = 1;
				LastSwiftUpdateCheck = 1620;
				LastUpgradeCheck = 1620;
				TargetAttributes = {
					C87DE01C2D534F4F001A2C39 = {
						CreatedOnToolsVersion = 16.2;
					};
					C87DE02E2D534F50001A2C39 = {
						CreatedOnToolsVersion = 16.2;
						TestTargetID = C87DE01C2D534F4F001A2C39;
					};
					C87DE0382D534F50001A2C39 = {
						CreatedOnToolsVersion = 16.2;
						TestTargetID = C87DE01C2D534F4F001A2C39;
					};
				};
			};
			buildConfigurationList = C87DE0182D534F4F001A2C39 /* Build configuration list for PBXProject "FoodDiary2" */;
			developmentRegion = en;
			hasScannedForEncodings = 0;
			knownRegions = (
				en,
				Base,
			);
			mainGroup = C87DE0142D534F4F001A2C39;
			minimizedProjectReferenceProxies = 1;
			preferredProjectObjectVersion = 77;
			productRefGroup = C87DE01E2D534F4F001A2C39 /* Products */;
			projectDirPath = "";
			projectRoot = "";
			targets = (
				C87DE01C2D534F4F001A2C39 /* FoodDiary2 */,
				C87DE02E2D534F50001A2C39 /* FoodDiary2Tests */,
				C87DE0382D534F50001A2C39 /* FoodDiary2UITests */,
			);
		};
/* End PBXProject section */

/* Begin PBXResourcesBuildPhase section */
		C87DE01B2D534F4F001A2C39 /* Resources */ = {
			isa = PBXResourcesBuildPhase;
			buildActionMask = 2147483647;
			files = (
			);
			runOnlyForDeploymentPostprocessing = 0;
		};
		C87DE02D2D534F50001A2C39 /* Resources */ = {
			isa = PBXResourcesBuildPhase;
			buildActionMask = 2147483647;
			files = (
			);
			runOnlyForDeploymentPostprocessing = 0;
		};
		C87DE0372D534F50001A2C39 /* Resources */ = {
			isa = PBXResourcesBuildPhase;
			buildActionMask = 2147483647;
			files = (
			);
			runOnlyForDeploymentPostprocessing = 0;
		};
/* End PBXResourcesBuildPhase section */

/* Begin PBXSourcesBuildPhase section */
		C87DE0192D534F4F001A2C39 /* Sources */ = {
			isa = PBXSourcesBuildPhase;
			buildActionMask = 2147483647;
			files = (
			);
			runOnlyForDeploymentPostprocessing = 0;
		};
		C87DE02B2D534F50001A2C39 /* Sources */ = {
			isa = PBXSourcesBuildPhase;
			buildActionMask = 2147483647;
			files = (
			);
			runOnlyForDeploymentPostprocessing = 0;
		};
		C87DE0352D534F50001A2C39 /* Sources */ = {
			isa = PBXSourcesBuildPhase;
			buildActionMask = 2147483647;
			files = (
			);
			runOnlyForDeploymentPostprocessing = 0;
		};
/* End PBXSourcesBuildPhase section */

/* Begin PBXTargetDependency section */
		C87DE0312D534F50001A2C39 /* PBXTargetDependency */ = {
			isa = PBXTargetDependency;
			target = C87DE01C2D534F4F001A2C39 /* FoodDiary2 */;
			targetProxy = C87DE0302D534F50001A2C39 /* PBXContainerItemProxy */;
		};
		C87DE03B2D534F50001A2C39 /* PBXTargetDependency */ = {
			isa = PBXTargetDependency;
			target = C87DE01C2D534F4F001A2C39 /* FoodDiary2 */;
			targetProxy = C87DE03A2D534F50001A2C39 /* PBXContainerItemProxy */;
		};
/* End PBXTargetDependency section */

/* Begin XCBuildConfiguration section */
		C87DE0412D534F50001A2C39 /* Debug */ = {
			isa = XCBuildConfiguration;
			buildSettings = {
				ALWAYS_SEARCH_USER_PATHS = NO;
				ASSETCATALOG_COMPILER_GENERATE_SWIFT_ASSET_SYMBOL_EXTENSIONS = YES;
				CLANG_ANALYZER_NONNULL = YES;
				CLANG_ANALYZER_NUMBER_OBJECT_CONVERSION = YES_AGGRESSIVE;
				CLANG_CXX_LANGUAGE_STANDARD = "gnu++20";
				CLANG_ENABLE_MODULES = YES;
				CLANG_ENABLE_OBJC_ARC = YES;
				CLANG_ENABLE_OBJC_WEAK = YES;
				CLANG_WARN_BLOCK_CAPTURE_AUTORELEASING = YES;
				CLANG_WARN_BOOL_CONVERSION = YES;
				CLANG_WARN_COMMA = YES;
				CLANG_WARN_CONSTANT_CONVERSION = YES;
				CLANG_WARN_DEPRECATED_OBJC_IMPLEMENTATIONS = YES;
				CLANG_WARN_DIRECT_OBJC_ISA_USAGE = YES_ERROR;
				CLANG_WARN_DOCUMENTATION_COMMENTS = YES;
				CLANG_WARN_EMPTY_BODY = YES;
				CLANG_WARN_ENUM_CONVERSION = YES;
				CLANG_WARN_INFINITE_RECURSION = YES;
				CLANG_WARN_INT_CONVERSION = YES;
				CLANG_WARN_NON_LITERAL_NULL_CONVERSION = YES;
				CLANG_WARN_OBJC_IMPLICIT_RETAIN_SELF = YES;
				CLANG_WARN_OBJC_LITERAL_CONVERSION = YES;
				CLANG_WARN_OBJC_ROOT_CLASS = YES_ERROR;
				CLANG_WARN_QUOTED_INCLUDE_IN_FRAMEWORK_HEADER = YES;
				CLANG_WARN_RANGE_LOOP_ANALYSIS = YES;
				CLANG_WARN_STRICT_PROTOTYPES = YES;
				CLANG_WARN_SUSPICIOUS_MOVE = YES;
				CLANG_WARN_UNGUARDED_AVAILABILITY = YES_AGGRESSIVE;
				CLANG_WARN_UNREACHABLE_CODE = YES;
				CLANG_WARN__DUPLICATE_METHOD_MATCH = YES;
				COPY_PHASE_STRIP = NO;
				DEBUG_INFORMATION_FORMAT = dwarf;
				ENABLE_STRICT_OBJC_MSGSEND = YES;
				ENABLE_TESTABILITY = YES;
				ENABLE_USER_SCRIPT_SANDBOXING = YES;
				GCC_C_LANGUAGE_STANDARD = gnu17;
				GCC_DYNAMIC_NO_PIC = NO;
				GCC_NO_COMMON_BLOCKS = YES;
				GCC_OPTIMIZATION_LEVEL = 0;
				GCC_PREPROCESSOR_DEFINITIONS = (
					"DEBUG=1",
					"$(inherited)",
				);
				GCC_WARN_64_TO_32_BIT_CONVERSION = YES;
				GCC_WARN_ABOUT_RETURN_TYPE = YES_ERROR;
				GCC_WARN_UNDECLARED_SELECTOR = YES;
				GCC_WARN_UNINITIALIZED_AUTOS = YES_AGGRESSIVE;
				GCC_WARN_UNUSED_FUNCTION = YES;
				GCC_WARN_UNUSED_VARIABLE = YES;
				IPHONEOS_DEPLOYMENT_TARGET = 18.2;
				LOCALIZATION_PREFERS_STRING_CATALOGS = YES;
				MTL_ENABLE_DEBUG_INFO = INCLUDE_SOURCE;
				MTL_FAST_MATH = YES;
				ONLY_ACTIVE_ARCH = YES;
				SDKROOT = iphoneos;
				SWIFT_ACTIVE_COMPILATION_CONDITIONS = "DEBUG $(inherited)";
				SWIFT_OPTIMIZATION_LEVEL = "-Onone";
			};
			name = Debug;
		};
		C87DE0422D534F50001A2C39 /* Release */ = {
			isa = XCBuildConfiguration;
			buildSettings = {
				ALWAYS_SEARCH_USER_PATHS = NO;
				ASSETCATALOG_COMPILER_GENERATE_SWIFT_ASSET_SYMBOL_EXTENSIONS = YES;
				CLANG_ANALYZER_NONNULL = YES;
				CLANG_ANALYZER_NUMBER_OBJECT_CONVERSION = YES_AGGRESSIVE;
				CLANG_CXX_LANGUAGE_STANDARD = "gnu++20";
				CLANG_ENABLE_MODULES = YES;
				CLANG_ENABLE_OBJC_ARC = YES;
				CLANG_ENABLE_OBJC_WEAK = YES;
				CLANG_WARN_BLOCK_CAPTURE_AUTORELEASING = YES;
				CLANG_WARN_BOOL_CONVERSION = YES;
				CLANG_WARN_COMMA = YES;
				CLANG_WARN_CONSTANT_CONVERSION = YES;
				CLANG_WARN_DEPRECATED_OBJC_IMPLEMENTATIONS = YES;
				CLANG_WARN_DIRECT_OBJC_ISA_USAGE = YES_ERROR;
				CLANG_WARN_DOCUMENTATION_COMMENTS = YES;
				CLANG_WARN_EMPTY_BODY = YES;
				CLANG_WARN_ENUM_CONVERSION = YES;
				CLANG_WARN_INFINITE_RECURSION = YES;
				CLANG_WARN_INT_CONVERSION = YES;
				CLANG_WARN_NON_LITERAL_NULL_CONVERSION = YES;
				CLANG_WARN_OBJC_IMPLICIT_RETAIN_SELF = YES;
				CLANG_WARN_OBJC_LITERAL_CONVERSION = YES;
				CLANG_WARN_OBJC_ROOT_CLASS = YES_ERROR;
				CLANG_WARN_QUOTED_INCLUDE_IN_FRAMEWORK_HEADER = YES;
				CLANG_WARN_RANGE_LOOP_ANALYSIS = YES;
				CLANG_WARN_STRICT_PROTOTYPES = YES;
				CLANG_WARN_SUSPICIOUS_MOVE = YES;
				CLANG_WARN_UNGUARDED_AVAILABILITY = YES_AGGRESSIVE;
				CLANG_WARN_UNREACHABLE_CODE = YES;
				CLANG_WARN__DUPLICATE_METHOD_MATCH = YES;
				COPY_PHASE_STRIP = NO;
				DEBUG_INFORMATION_FORMAT = "dwarf-with-dsym";
				ENABLE_NS_ASSERTIONS = NO;
				ENABLE_STRICT_OBJC_MSGSEND = YES;
				ENABLE_USER_SCRIPT_SANDBOXING = YES;
				GCC_C_LANGUAGE_STANDARD = gnu17;
				GCC_NO_COMMON_BLOCKS = YES;
				GCC_WARN_64_TO_32_BIT_CONVERSION = YES;
				GCC_WARN_ABOUT_RETURN_TYPE = YES_ERROR;
				GCC_WARN_UNDECLARED_SELECTOR = YES;
				GCC_WARN_UNINITIALIZED_AUTOS = YES_AGGRESSIVE;
				GCC_WARN_UNUSED_FUNCTION = YES;
				GCC_WARN_UNUSED_VARIABLE = YES;
				IPHONEOS_DEPLOYMENT_TARGET = 18.2;
				LOCALIZATION_PREFERS_STRING_CATALOGS = YES;
				MTL_ENABLE_DEBUG_INFO = NO;
				MTL_FAST_MATH = YES;
				SDKROOT = iphoneos;
				SWIFT_COMPILATION_MODE = wholemodule;
				VALIDATE_PRODUCT = YES;
			};
			name = Release;
		};
		C87DE0442D534F50001A2C39 /* Debug */ = {
			isa = XCBuildConfiguration;
			buildSettings = {
				ASSETCATALOG_COMPILER_APPICON_NAME = AppIcon;
				ASSETCATALOG_COMPILER_GLOBAL_ACCENT_COLOR_NAME = AccentColor;
				CODE_SIGN_STYLE = Automatic;
				CURRENT_PROJECT_VERSION = 1;
				DEVELOPMENT_ASSET_PATHS = "\"FoodDiary2/Preview Content\"";
				DEVELOPMENT_TEAM = 5G86UX6W72;
				ENABLE_PREVIEWS = YES;
				GENERATE_INFOPLIST_FILE = YES;
				INFOPLIST_KEY_UIApplicationSceneManifest_Generation = YES;
				INFOPLIST_KEY_UIApplicationSupportsIndirectInputEvents = YES;
				INFOPLIST_KEY_UILaunchScreen_Generation = YES;
				INFOPLIST_KEY_UISupportedInterfaceOrientations_iPad = "UIInterfaceOrientationPortrait UIInterfaceOrientationPortraitUpsideDown UIInterfaceOrientationLandscapeLeft UIInterfaceOrientationLandscapeRight";
				INFOPLIST_KEY_UISupportedInterfaceOrientations_iPhone = "UIInterfaceOrientationPortrait UIInterfaceOrientationLandscapeLeft UIInterfaceOrientationLandscapeRight";
				LD_RUNPATH_SEARCH_PATHS = (
					"$(inherited)",
					"@executable_path/Frameworks",
				);
				MARKETING_VERSION = 1.0;
				PRODUCT_BUNDLE_IDENTIFIER = test.FoodDiary2;
				PRODUCT_NAME = "$(TARGET_NAME)";
				SWIFT_EMIT_LOC_STRINGS = YES;
				SWIFT_VERSION = 5.0;
				TARGETED_DEVICE_FAMILY = "1,2";
			};
			name = Debug;
		};
		C87DE0452D534F50001A2C39 /* Release */ = {
			isa = XCBuildConfiguration;
			buildSettings = {
				ASSETCATALOG_COMPILER_APPICON_NAME = AppIcon;
				ASSETCATALOG_COMPILER_GLOBAL_ACCENT_COLOR_NAME = AccentColor;
				CODE_SIGN_STYLE = Automatic;
				CURRENT_PROJECT_VERSION = 1;
				DEVELOPMENT_ASSET_PATHS = "\"FoodDiary2/Preview Content\"";
				DEVELOPMENT_TEAM = 5G86UX6W72;
				ENABLE_PREVIEWS = YES;
				GENERATE_INFOPLIST_FILE = YES;
				INFOPLIST_KEY_UIApplicationSceneManifest_Generation = YES;
				INFOPLIST_KEY_UIApplicationSupportsIndirectInputEvents = YES;
				INFOPLIST_KEY_UILaunchScreen_Generation = YES;
				INFOPLIST_KEY_UISupportedInterfaceOrientations_iPad = "UIInterfaceOrientationPortrait UIInterfaceOrientationPortraitUpsideDown UIInterfaceOrientationLandscapeLeft UIInterfaceOrientationLandscapeRight";
				INFOPLIST_KEY_UISupportedInterfaceOrientations_iPhone = "UIInterfaceOrientationPortrait UIInterfaceOrientationLandscapeLeft UIInterfaceOrientationLandscapeRight";
				LD_RUNPATH_SEARCH_PATHS = (
					"$(inherited)",
					"@executable_path/Frameworks",
				);
				MARKETING_VERSION = 1.0;
				PRODUCT_BUNDLE_IDENTIFIER = test.FoodDiary2;
				PRODUCT_NAME = "$(TARGET_NAME)";
				SWIFT_EMIT_LOC_STRINGS = YES;
				SWIFT_VERSION = 5.0;
				TARGETED_DEVICE_FAMILY = "1,2";
			};
			name = Release;
		};
		C87DE0472D534F50001A2C39 /* Debug */ = {
			isa = XCBuildConfiguration;
			buildSettings = {
				BUNDLE_LOADER = "$(TEST_HOST)";
				CODE_SIGN_STYLE = Automatic;
				CURRENT_PROJECT_VERSION = 1;
				DEVELOPMENT_TEAM = 5G86UX6W72;
				GENERATE_INFOPLIST_FILE = YES;
				IPHONEOS_DEPLOYMENT_TARGET = 18.2;
				MARKETING_VERSION = 1.0;
				PRODUCT_BUNDLE_IDENTIFIER = test.FoodDiary2Tests;
				PRODUCT_NAME = "$(TARGET_NAME)";
				SWIFT_EMIT_LOC_STRINGS = NO;
				SWIFT_VERSION = 5.0;
				TARGETED_DEVICE_FAMILY = "1,2";
				TEST_HOST = "$(BUILT_PRODUCTS_DIR)/FoodDiary2.app/$(BUNDLE_EXECUTABLE_FOLDER_PATH)/FoodDiary2";
			};
			name = Debug;
		};
		C87DE0482D534F50001A2C39 /* Release */ = {
			isa = XCBuildConfiguration;
			buildSettings = {
				BUNDLE_LOADER = "$(TEST_HOST)";
				CODE_SIGN_STYLE = Automatic;
				CURRENT_PROJECT_VERSION = 1;
				DEVELOPMENT_TEAM = 5G86UX6W72;
				GENERATE_INFOPLIST_FILE = YES;
				IPHONEOS_DEPLOYMENT_TARGET = 18.2;
				MARKETING_VERSION = 1.0;
				PRODUCT_BUNDLE_IDENTIFIER = test.FoodDiary2Tests;
				PRODUCT_NAME = "$(TARGET_NAME)";
				SWIFT_EMIT_LOC_STRINGS = NO;
				SWIFT_VERSION = 5.0;
				TARGETED_DEVICE_FAMILY = "1,2";
				TEST_HOST = "$(BUILT_PRODUCTS_DIR)/FoodDiary2.app/$(BUNDLE_EXECUTABLE_FOLDER_PATH)/FoodDiary2";
			};
			name = Release;
		};
		C87DE04A2D534F50001A2C39 /* Debug */ = {
			isa = XCBuildConfiguration;
			buildSettings = {
				CODE_SIGN_STYLE = Automatic;
				CURRENT_PROJECT_VERSION = 1;
				DEVELOPMENT_TEAM = 5G86UX6W72;
				GENERATE_INFOPLIST_FILE = YES;
				MARKETING_VERSION = 1.0;
				PRODUCT_BUNDLE_IDENTIFIER = test.FoodDiary2UITests;
				PRODUCT_NAME = "$(TARGET_NAME)";
				SWIFT_EMIT_LOC_STRINGS = NO;
				SWIFT_VERSION = 5.0;
				TARGETED_DEVICE_FAMILY = "1,2";
				TEST_TARGET_NAME = FoodDiary2;
			};
			name = Debug;
		};
		C87DE04B2D534F50001A2C39 /* Release */ = {
			isa = XCBuildConfiguration;
			buildSettings = {
				CODE_SIGN_STYLE = Automatic;
				CURRENT_PROJECT_VERSION = 1;
				DEVELOPMENT_TEAM = 5G86UX6W72;
				GENERATE_INFOPLIST_FILE = YES;
				MARKETING_VERSION = 1.0;
				PRODUCT_BUNDLE_IDENTIFIER = test.FoodDiary2UITests;
				PRODUCT_NAME = "$(TARGET_NAME)";
				SWIFT_EMIT_LOC_STRINGS = NO;
				SWIFT_VERSION = 5.0;
				TARGETED_DEVICE_FAMILY = "1,2";
				TEST_TARGET_NAME = FoodDiary2;
			};
			name = Release;
		};
/* End XCBuildConfiguration section */

/* Begin XCConfigurationList section */
		C87DE0182D534F4F001A2C39 /* Build configuration list for PBXProject "FoodDiary2" */ = {
			isa = XCConfigurationList;
			buildConfigurations = (
				C87DE0412D534F50001A2C39 /* Debug */,
				C87DE0422D534F50001A2C39 /* Release */,
			);
			defaultConfigurationIsVisible = 0;
			defaultConfigurationName = Release;
		};
		C87DE0432D534F50001A2C39 /* Build configuration list for PBXNativeTarget "FoodDiary2" */ = {
			isa = XCConfigurationList;
			buildConfigurations = (
				C87DE0442D534F50001A2C39 /* Debug */,
				C87DE0452D534F50001A2C39 /* Release */,
			);
			defaultConfigurationIsVisible = 0;
			defaultConfigurationName = Release;
		};
		C87DE0462D534F50001A2C39 /* Build configuration list for PBXNativeTarget "FoodDiary2Tests" */ = {
			isa = XCConfigurationList;
			buildConfigurations = (
				C87DE0472D534F50001A2C39 /* Debug */,
				C87DE0482D534F50001A2C39 /* Release */,
			);
			defaultConfigurationIsVisible = 0;
			defaultConfigurationName = Release;
		};
		C87DE0492D534F50001A2C39 /* Build configuration list for PBXNativeTarget "FoodDiary2UITests" */ = {
			isa = XCConfigurationList;
			buildConfigurations = (
				C87DE04A2D534F50001A2C39 /* Debug */,
				C87DE04B2D534F50001A2C39 /* Release */,
			);
			defaultConfigurationIsVisible = 0;
			defaultConfigurationName = Release;
		};
/* End XCConfigurationList section */
	};
	rootObject = C87DE0152D534F4F001A2C39 /* Project object */;
}
